
Microsoft Visual Studio Solution File, Format Version 12.00
# Visual Studio Version 16
VisualStudioVersion = 16.0.33927.289
MinimumVisualStudioVersion = 10.0.40219.1
Project("{FAE04EC0-301F-11D3-BF4B-00C04F79EFBC}") = "YJK2237A3", "YJK2237A3\YJK2237A3.csproj", "{A868C62E-10A3-4862-8725-4AE4A5D50310}"
EndProject
Global
	GlobalSection(SolutionConfigurationPlatforms) = preSolution
		Debug|Any CPU = Debug|Any CPU
		Release|Any CPU = Release|Any CPU
	EndGlobalSection
	GlobalSection(ProjectConfigurationPlatforms) = postSolution
		{A868C62E-10A3-4862-8725-4AE4A5D50310}.Debug|Any CPU.ActiveCfg = Debug|Any CPU
		{A868C62E-10A3-4862-8725-4AE4A5D50310}.Debug|Any CPU.Build.0 = Debug|Any CPU
		{A868C62E-10A3-4862-8725-4AE4A5D50310}.Release|Any CPU.ActiveCfg = Release|Any CPU
		{A868C62E-10A3-4862-8725-4AE4A5D50310}.Release|Any CPU.Build.0 = Release|Any CPU
	EndGlobalSection
	GlobalSection(SolutionProperties) = preSolution
		HideSolutionNode = FALSE
	EndGlobalSection
	GlobalSection(ExtensibilityGlobals) = postSolution
		SolutionGuid = {DC52EC71-0AD7-44C5-A711-26F769DA1AAD}
	EndGlobalSection
EndGlobal
