
Microsoft Visual Studio Solution File, Format Version 12.00
# Visual Studio Version 16
VisualStudioVersion = 16.0.33927.289
MinimumVisualStudioVersion = 10.0.40219.1
Project("{FAE04EC0-301F-11D3-BF4B-00C04F79EFBC}") = "YJK2237A1", "YJK2237A1\YJK2237A1.csproj", "{649BC213-79BF-48F1-9AD6-CBFB514066E2}"
EndProject
Global
	GlobalSection(SolutionConfigurationPlatforms) = preSolution
		Debug|Any CPU = Debug|Any CPU
		Release|Any CPU = Release|Any CPU
	EndGlobalSection
	GlobalSection(ProjectConfigurationPlatforms) = postSolution
		{649BC213-79BF-48F1-9AD6-CBFB514066E2}.Debug|Any CPU.ActiveCfg = Debug|Any CPU
		{649BC213-79BF-48F1-9AD6-CBFB514066E2}.Debug|Any CPU.Build.0 = Debug|Any CPU
		{649BC213-79BF-48F1-9AD6-CBFB514066E2}.Release|Any CPU.ActiveCfg = Release|Any CPU
		{649BC213-79BF-48F1-9AD6-CBFB514066E2}.Release|Any CPU.Build.0 = Release|Any CPU
	EndGlobalSection
	GlobalSection(SolutionProperties) = preSolution
		HideSolutionNode = FALSE
	EndGlobalSection
	GlobalSection(ExtensibilityGlobals) = postSolution
		SolutionGuid = {A18FCB56-2BE7-429C-AB80-63F0881EA50C}
	EndGlobalSection
EndGlobal
